
Microsoft Visual Studio Solution File, Format Version 12.00
# Visual Studio Version 17
VisualStudioVersion = 17.14.36310.24
MinimumVisualStudioVersion = 10.0.40219.1
Project("{FAE04EC0-301F-11D3-BF4B-00C04F79EFBC}") = "DuoLingoRssApp", "DuoLingoRssApp\DuoLingoRssApp.csproj", "{686105E1-0385-4D77-99BC-0E1EADB580A8}"
EndProject
Project("{FAE04EC0-301F-11D3-BF4B-00C04F79EFBC}") = "PodcastDownloader.BlazorApp", "PodcastDownloader.BlazorApp\PodcastDownloader.BlazorApp.csproj", "{91A337E9-45AD-D8F8-B772-2DB6B1531F50}"
EndProject
Project("{FAE04EC0-301F-11D3-BF4B-00C04F79EFBC}") = "PodcastDownloader.Library", "..\PodcastDownloader.Library\PodcastDownloader.Library.csproj", "{C55543A1-6A3A-4A6D-815E-A9A56636EDF2}"
EndProject
Project("{2150E333-8FDC-42A3-9474-1A3956D46DE8}") = "Solution Items", "Solution Items", "{8EC462FD-D22E-90A8-E5CE-7E832BA40C5D}"
	ProjectSection(SolutionItems) = preProject
		.gitignore = .gitignore
	EndProjectSection
EndProject
Global
	GlobalSection(SolutionConfigurationPlatforms) = preSolution
		Debug|Any CPU = Debug|Any CPU
		Release|Any CPU = Release|Any CPU
	EndGlobalSection
	GlobalSection(ProjectConfigurationPlatforms) = postSolution
		{686105E1-0385-4D77-99BC-0E1EADB580A8}.Debug|Any CPU.ActiveCfg = Debug|Any CPU
		{686105E1-0385-4D77-99BC-0E1EADB580A8}.Debug|Any CPU.Build.0 = Debug|Any CPU
		{686105E1-0385-4D77-99BC-0E1EADB580A8}.Release|Any CPU.ActiveCfg = Release|Any CPU
		{686105E1-0385-4D77-99BC-0E1EADB580A8}.Release|Any CPU.Build.0 = Release|Any CPU
		{91A337E9-45AD-D8F8-B772-2DB6B1531F50}.Debug|Any CPU.ActiveCfg = Debug|Any CPU
		{91A337E9-45AD-D8F8-B772-2DB6B1531F50}.Debug|Any CPU.Build.0 = Debug|Any CPU
		{91A337E9-45AD-D8F8-B772-2DB6B1531F50}.Release|Any CPU.ActiveCfg = Release|Any CPU
		{91A337E9-45AD-D8F8-B772-2DB6B1531F50}.Release|Any CPU.Build.0 = Release|Any CPU
		{C55543A1-6A3A-4A6D-815E-A9A56636EDF2}.Debug|Any CPU.ActiveCfg = Debug|Any CPU
		{C55543A1-6A3A-4A6D-815E-A9A56636EDF2}.Debug|Any CPU.Build.0 = Debug|Any CPU
		{C55543A1-6A3A-4A6D-815E-A9A56636EDF2}.Release|Any CPU.ActiveCfg = Release|Any CPU
		{C55543A1-6A3A-4A6D-815E-A9A56636EDF2}.Release|Any CPU.Build.0 = Release|Any CPU
	EndGlobalSection
	GlobalSection(SolutionProperties) = preSolution
		HideSolutionNode = FALSE
	EndGlobalSection
	GlobalSection(ExtensibilityGlobals) = postSolution
		SolutionGuid = {3BD4F4EE-1AB1-45C7-8184-3FF05D08EDF6}
	EndGlobalSection
EndGlobal
